
Microsoft Visual Studio Solution File, Format Version 12.00
# Visual Studio Version 16
VisualStudioVersion = 25.0.1705.3
MinimumVisualStudioVersion = 10.0.40219.1
Project("{FAE04EC0-301F-11D3-BF4B-00C04F79EFBC}") = "Online-Course-Web", "Online-Course-Web.csproj", "{5343523E-4434-4E29-A004-E655169D8FED}"
EndProject
Global
	GlobalSection(SolutionConfigurationPlatforms) = preSolution
		Debug|Any CPU = Debug|Any CPU
		Release|Any CPU = Release|Any CPU
	EndGlobalSection
	GlobalSection(ProjectConfigurationPlatforms) = postSolution
		{5343523E-4434-4E29-A004-E655169D8FED}.Debug|Any CPU.ActiveCfg = Debug|Any CPU
		{5343523E-4434-4E29-A004-E655169D8FED}.Debug|Any CPU.Build.0 = Debug|Any CPU
		{5343523E-4434-4E29-A004-E655169D8FED}.Release|Any CPU.ActiveCfg = Release|Any CPU
		{5343523E-4434-4E29-A004-E655169D8FED}.Release|Any CPU.Build.0 = Release|Any CPU
	EndGlobalSection
	GlobalSection(SolutionProperties) = preSolution
		HideSolutionNode = FALSE
	EndGlobalSection
	GlobalSection(ExtensibilityGlobals) = postSolution
		SolutionGuid = {2C1BEA84-5C76-4B1A-8543-DA8B5FDC8E19}
	EndGlobalSection
EndGlobal
